
Microsoft Visual Studio Solution File, Format Version 12.00
# Visual Studio Version 17
VisualStudioVersion = 17.5.002.0
MinimumVisualStudioVersion = 10.0.40219.1
Project("{9A19103F-16F7-4668-BE54-9A1E7A4F7556}") = "Demo.Api", "Demo.Api.csproj", "{67B85F07-2C7B-4960-A253-73CC1769F90E}"
EndProject
Global
	GlobalSection(SolutionConfigurationPlatforms) = preSolution
		Debug|Any CPU = Debug|Any CPU
		Release|Any CPU = Release|Any CPU
	EndGlobalSection
	GlobalSection(ProjectConfigurationPlatforms) = postSolution
		{67B85F07-2C7B-4960-A253-73CC1769F90E}.Debug|Any CPU.ActiveCfg = Debug|Any CPU
		{67B85F07-2C7B-4960-A253-73CC1769F90E}.Debug|Any CPU.Build.0 = Debug|Any CPU
		{67B85F07-2C7B-4960-A253-73CC1769F90E}.Release|Any CPU.ActiveCfg = Release|Any CPU
		{67B85F07-2C7B-4960-A253-73CC1769F90E}.Release|Any CPU.Build.0 = Release|Any CPU
	EndGlobalSection
	GlobalSection(SolutionProperties) = preSolution
		HideSolutionNode = FALSE
	EndGlobalSection
	GlobalSection(ExtensibilityGlobals) = postSolution
		SolutionGuid = {3BAD2257-1110-4629-906F-36B815887EC7}
	EndGlobalSection
EndGlobal
